
Microsoft Visual Studio Solution File, Format Version 12.00
# Visual Studio Version 16
VisualStudioVersion = 16.0.30413.136
MinimumVisualStudioVersion = 10.0.40219.1
Project("{9A19103F-16F7-4668-BE54-9A1E7A4F7556}") = "Employee_accountng_system", "Employee_accountng_system\Employee_accountng_system.csproj", "{BF886C8D-F251-4B21-B145-3E01C6D40DBE}"
EndProject
Project("{9A19103F-16F7-4668-BE54-9A1E7A4F7556}") = "TEST", "TEST\TEST.csproj", "{A489ED40-13F6-466B-B15F-269FC93BD5AA}"
EndProject
Project("{9A19103F-16F7-4668-BE54-9A1E7A4F7556}") = "TEST1", "TEST1\TEST1.csproj", "{AF1F765F-AFCD-470F-B80A-5160069F96AF}"
EndProject
Project("{FAE04EC0-301F-11D3-BF4B-00C04F79EFBC}") = "VOLGA_EAS", "VOLGA_EAS\VOLGA_EAS.csproj", "{A8B6D092-D862-4159-8C2A-759418E0F141}"
EndProject
Project("{FAE04EC0-301F-11D3-BF4B-00C04F79EFBC}") = "Only_Test", "Only_Test\Only_Test.csproj", "{822C7D93-5CFE-46E6-9E76-6D2D0C8E6A8D}"
EndProject
Global
	GlobalSection(SolutionConfigurationPlatforms) = preSolution
		Debug|Any CPU = Debug|Any CPU
		Release|Any CPU = Release|Any CPU
	EndGlobalSection
	GlobalSection(ProjectConfigurationPlatforms) = postSolution
		{BF886C8D-F251-4B21-B145-3E01C6D40DBE}.Debug|Any CPU.ActiveCfg = Debug|Any CPU
		{BF886C8D-F251-4B21-B145-3E01C6D40DBE}.Debug|Any CPU.Build.0 = Debug|Any CPU
		{BF886C8D-F251-4B21-B145-3E01C6D40DBE}.Release|Any CPU.ActiveCfg = Release|Any CPU
		{BF886C8D-F251-4B21-B145-3E01C6D40DBE}.Release|Any CPU.Build.0 = Release|Any CPU
		{A489ED40-13F6-466B-B15F-269FC93BD5AA}.Debug|Any CPU.ActiveCfg = Debug|Any CPU
		{A489ED40-13F6-466B-B15F-269FC93BD5AA}.Debug|Any CPU.Build.0 = Debug|Any CPU
		{A489ED40-13F6-466B-B15F-269FC93BD5AA}.Release|Any CPU.ActiveCfg = Release|Any CPU
		{A489ED40-13F6-466B-B15F-269FC93BD5AA}.Release|Any CPU.Build.0 = Release|Any CPU
		{AF1F765F-AFCD-470F-B80A-5160069F96AF}.Debug|Any CPU.ActiveCfg = Debug|Any CPU
		{AF1F765F-AFCD-470F-B80A-5160069F96AF}.Debug|Any CPU.Build.0 = Debug|Any CPU
		{AF1F765F-AFCD-470F-B80A-5160069F96AF}.Release|Any CPU.ActiveCfg = Release|Any CPU
		{AF1F765F-AFCD-470F-B80A-5160069F96AF}.Release|Any CPU.Build.0 = Release|Any CPU
		{A8B6D092-D862-4159-8C2A-759418E0F141}.Debug|Any CPU.ActiveCfg = Debug|Any CPU
		{A8B6D092-D862-4159-8C2A-759418E0F141}.Debug|Any CPU.Build.0 = Debug|Any CPU
		{A8B6D092-D862-4159-8C2A-759418E0F141}.Release|Any CPU.ActiveCfg = Release|Any CPU
		{A8B6D092-D862-4159-8C2A-759418E0F141}.Release|Any CPU.Build.0 = Release|Any CPU
		{822C7D93-5CFE-46E6-9E76-6D2D0C8E6A8D}.Debug|Any CPU.ActiveCfg = Debug|Any CPU
		{822C7D93-5CFE-46E6-9E76-6D2D0C8E6A8D}.Debug|Any CPU.Build.0 = Debug|Any CPU
		{822C7D93-5CFE-46E6-9E76-6D2D0C8E6A8D}.Release|Any CPU.ActiveCfg = Release|Any CPU
		{822C7D93-5CFE-46E6-9E76-6D2D0C8E6A8D}.Release|Any CPU.Build.0 = Release|Any CPU
	EndGlobalSection
	GlobalSection(SolutionProperties) = preSolution
		HideSolutionNode = FALSE
	EndGlobalSection
	GlobalSection(ExtensibilityGlobals) = postSolution
		SolutionGuid = {6186E450-F9D8-4E6F-9F74-51145B1C2950}
	EndGlobalSection
EndGlobal
